
Microsoft Visual Studio Solution File, Format Version 12.00
Project("{2150E333-8FDC-42A3-9474-1A3956D46DE8}") = "src", "src", "{9D4AF01C-48FD-4618-A219-5F73C1CA1E5C}"
EndProject
Project("{FAE04EC0-301F-11D3-BF4B-00C04F79EFBC}") = "GhNetCore.Api", "src\GhNetCore.Api\GhNetCore.Api.csproj", "{59E463D0-625F-49F2-9A2D-572053A05B41}"
EndProject
Project("{2150E333-8FDC-42A3-9474-1A3956D46DE8}") = "tests", "tests", "{187CD9D2-B6CC-4D95-A4BD-CE0432CF586D}"
EndProject
Project("{FAE04EC0-301F-11D3-BF4B-00C04F79EFBC}") = "GhNetCore.Api.UnitTests", "tests\GhNetCore.Api.UnitTests\GhNetCore.Api.UnitTests.csproj", "{30101F76-3F37-4778-A6EE-EEB2AE0C069A}"
EndProject
Global
	GlobalSection(SolutionConfigurationPlatforms) = preSolution
		Debug|Any CPU = Debug|Any CPU
		Release|Any CPU = Release|Any CPU
	EndGlobalSection
	GlobalSection(NestedProjects) = preSolution
		{59E463D0-625F-49F2-9A2D-572053A05B41} = {9D4AF01C-48FD-4618-A219-5F73C1CA1E5C}
		{30101F76-3F37-4778-A6EE-EEB2AE0C069A} = {187CD9D2-B6CC-4D95-A4BD-CE0432CF586D}
	EndGlobalSection
	GlobalSection(ProjectConfigurationPlatforms) = postSolution
		{59E463D0-625F-49F2-9A2D-572053A05B41}.Debug|Any CPU.ActiveCfg = Debug|Any CPU
		{59E463D0-625F-49F2-9A2D-572053A05B41}.Debug|Any CPU.Build.0 = Debug|Any CPU
		{59E463D0-625F-49F2-9A2D-572053A05B41}.Release|Any CPU.ActiveCfg = Release|Any CPU
		{59E463D0-625F-49F2-9A2D-572053A05B41}.Release|Any CPU.Build.0 = Release|Any CPU
		{30101F76-3F37-4778-A6EE-EEB2AE0C069A}.Debug|Any CPU.ActiveCfg = Debug|Any CPU
		{30101F76-3F37-4778-A6EE-EEB2AE0C069A}.Debug|Any CPU.Build.0 = Debug|Any CPU
		{30101F76-3F37-4778-A6EE-EEB2AE0C069A}.Release|Any CPU.ActiveCfg = Release|Any CPU
		{30101F76-3F37-4778-A6EE-EEB2AE0C069A}.Release|Any CPU.Build.0 = Release|Any CPU
	EndGlobalSection
EndGlobal
